// !$*UTF8*$!
{
	archiveVersion = 1;
	classes = {
	};
	objectVersion = 46;
	objects = {

/* Begin PBXBuildFile section */
		F73BF76718C6DB39006FB928 /* Foundation.framework in Frameworks */ = {isa = PBXBuildFile; fileRef = F73BF76618C6DB39006FB928 /* Foundation.framework */; };
		F73BF76918C6DB39006FB928 /* CoreGraphics.framework in Frameworks */ = {isa = PBXBuildFile; fileRef = F73BF76818C6DB39006FB928 /* CoreGraphics.framework */; };
		F73BF76B18C6DB39006FB928 /* UIKit.framework in Frameworks */ = {isa = PBXBuildFile; fileRef = F73BF76A18C6DB39006FB928 /* UIKit.framework */; };
		F73BF77118C6DB39006FB928 /* InfoPlist.strings in Resources */ = {isa = PBXBuildFile; fileRef = F73BF76F18C6DB39006FB928 /* InfoPlist.strings */; };
		F73BF77318C6DB39006FB928 /* main.m in Sources */ = {isa = PBXBuildFile; fileRef = F73BF77218C6DB39006FB928 /* main.m */; };
		F73BF77718C6DB39006FB928 /* CLAppDelegate.m in Sources */ = {isa = PBXBuildFile; fileRef = F73BF77618C6DB39006FB928 /* CLAppDelegate.m */; };
		F73BF77A18C6DB39006FB928 /* Main.storyboard in Resources */ = {isa = PBXBuildFile; fileRef = F73BF77818C6DB39006FB928 /* Main.storyboard */; };
		F73BF77F18C6DB39006FB928 /* Images.xcassets in Resources */ = {isa = PBXBuildFile; fileRef = F73BF77E18C6DB39006FB928 /* Images.xcassets */; };
		F73BF78618C6DB39006FB928 /* XCTest.framework in Frameworks */ = {isa = PBXBuildFile; fileRef = F73BF78518C6DB39006FB928 /* XCTest.framework */; };
		F73BF78718C6DB39006FB928 /* Foundation.framework in Frameworks */ = {isa = PBXBuildFile; fileRef = F73BF76618C6DB39006FB928 /* Foundation.framework */; };
		F73BF78818C6DB39006FB928 /* UIKit.framework in Frameworks */ = {isa = PBXBuildFile; fileRef = F73BF76A18C6DB39006FB928 /* UIKit.framework */; };
		F73BF79018C6DB39006FB928 /* InfoPlist.strings in Resources */ = {isa = PBXBuildFile; fileRef = F73BF78E18C6DB39006FB928 /* InfoPlist.strings */; };
		F73BF79218C6DB39006FB928 /* CamLockerTests.m in Sources */ = {isa = PBXBuildFile; fileRef = F73BF79118C6DB39006FB928 /* CamLockerTests.m */; };
		F73BF79F18C6DCC0006FB928 /* QuartzCore.framework in Frameworks */ = {isa = PBXBuildFile; fileRef = F73BF79E18C6DCC0006FB928 /* QuartzCore.framework */; };
		F73BF7A118C6DCC5006FB928 /* MediaPlayer.framework in Frameworks */ = {isa = PBXBuildFile; fileRef = F73BF7A018C6DCC5006FB928 /* MediaPlayer.framework */; };
		F73BF7A318C6DCCA006FB928 /* EventKit.framework in Frameworks */ = {isa = PBXBuildFile; fileRef = F73BF7A218C6DCCA006FB928 /* EventKit.framework */; };
		F73BF7A518C6DCD1006FB928 /* CoreMedia.framework in Frameworks */ = {isa = PBXBuildFile; fileRef = F73BF7A418C6DCD1006FB928 /* CoreMedia.framework */; };
		F73BF7A718C6DCD6006FB928 /* CoreLocation.framework in Frameworks */ = {isa = PBXBuildFile; fileRef = F73BF7A618C6DCD6006FB928 /* CoreLocation.framework */; };
		F73BF7A918C6DCDB006FB928 /* CoreMotion.framework in Frameworks */ = {isa = PBXBuildFile; fileRef = F73BF7A818C6DCDB006FB928 /* CoreMotion.framework */; };
		F73BF7AB18C6DCE0006FB928 /* CoreVideo.framework in Frameworks */ = {isa = PBXBuildFile; fileRef = F73BF7AA18C6DCE0006FB928 /* CoreVideo.framework */; };
		F73BF7AD18C6DCE4006FB928 /* CFNetwork.framework in Frameworks */ = {isa = PBXBuildFile; fileRef = F73BF7AC18C6DCE4006FB928 /* CFNetwork.framework */; };
		F73BF7AF18C6DCEA006FB928 /* AudioToolbox.framework in Frameworks */ = {isa = PBXBuildFile; fileRef = F73BF7AE18C6DCEA006FB928 /* AudioToolbox.framework */; };
		F73BF7B118C6DCEE006FB928 /* AVFoundation.framework in Frameworks */ = {isa = PBXBuildFile; fileRef = F73BF7B018C6DCEE006FB928 /* AVFoundation.framework */; };
		F73BF7B318C6DCF4006FB928 /* Security.framework in Frameworks */ = {isa = PBXBuildFile; fileRef = F73BF7B218C6DCF4006FB928 /* Security.framework */; };
		F73BF7B518C6DCFA006FB928 /* OpenGLES.framework in Frameworks */ = {isa = PBXBuildFile; fileRef = F73BF7B418C6DCFA006FB928 /* OpenGLES.framework */; };
		F73BF7B718C6DD29006FB928 /* metaioSDK.framework in Frameworks */ = {isa = PBXBuildFile; fileRef = F73BF7B618C6DD29006FB928 /* metaioSDK.framework */; };
		F73BF7B918C6DD31006FB928 /* libz.dylib in Frameworks */ = {isa = PBXBuildFile; fileRef = F73BF7B818C6DD31006FB928 /* libz.dylib */; };
		F73BF7BB18C6DD36006FB928 /* libxml2.dylib in Frameworks */ = {isa = PBXBuildFile; fileRef = F73BF7BA18C6DD36006FB928 /* libxml2.dylib */; };
		F73BF7C118C6DDFF006FB928 /* EAGLView.mm in Sources */ = {isa = PBXBuildFile; fileRef = F73BF7BE18C6DDFF006FB928 /* EAGLView.mm */; settings = {COMPILER_FLAGS = "-fno-objc-arc"; }; };
		F73BF7C218C6DDFF006FB928 /* MetaioSDKViewController.mm in Sources */ = {isa = PBXBuildFile; fileRef = F73BF7C018C6DDFF006FB928 /* MetaioSDKViewController.mm */; settings = {COMPILER_FLAGS = "-fno-objc-arc"; }; };
		F73BF7C518C6E00B006FB928 /* CLScanViewController.mm in Sources */ = {isa = PBXBuildFile; fileRef = F73BF7C318C6E00B006FB928 /* CLScanViewController.mm */; };
		F78ACD0B18C8D7E500A4247A /* CLDataHandler.m in Sources */ = {isa = PBXBuildFile; fileRef = F78ACD0A18C8D7E500A4247A /* CLDataHandler.m */; };
		F792915318D6B6EE009FCA79 /* CLTrackingXMLGenerator.m in Sources */ = {isa = PBXBuildFile; fileRef = F792915218D6B6EE009FCA79 /* CLTrackingXMLGenerator.m */; };
		F7C9344618D8035C004B154F /* CLMarker.m in Sources */ = {isa = PBXBuildFile; fileRef = F7C9344518D8035C004B154F /* CLMarker.m */; };
		F7C9344E18D8067C004B154F /* CLTextMarker.m in Sources */ = {isa = PBXBuildFile; fileRef = F7C9344D18D8067C004B154F /* CLTextMarker.m */; };
		F7C9345118D80DB9004B154F /* CLImageMarker.m in Sources */ = {isa = PBXBuildFile; fileRef = F7C9345018D80DB9004B154F /* CLImageMarker.m */; };
		F7C9345418D81755004B154F /* CLMarkerManager.m in Sources */ = {isa = PBXBuildFile; fileRef = F7C9345318D81755004B154F /* CLMarkerManager.m */; };
		F7C9345918D820DB004B154F /* CLHomeViewController.m in Sources */ = {isa = PBXBuildFile; fileRef = F7C9345818D820DB004B154F /* CLHomeViewController.m */; };
		F7E004DE18C6E36700FA63DC /* Markers in Resources */ = {isa = PBXBuildFile; fileRef = F7E004DD18C6E36700FA63DC /* Markers */; };
		F7E004E118C6E54C00FA63DC /* CLImageViewController.m in Sources */ = {isa = PBXBuildFile; fileRef = F7E004E018C6E54C00FA63DC /* CLImageViewController.m */; };
		F7E004E618C6E66000FA63DC /* UIViewController+CWPopup.m in Sources */ = {isa = PBXBuildFile; fileRef = F7E004E518C6E66000FA63DC /* UIViewController+CWPopup.m */; };
		F7E004E818C6E6CB00FA63DC /* CLImageViewController.xib in Resources */ = {isa = PBXBuildFile; fileRef = F7E004E718C6E6CB00FA63DC /* CLImageViewController.xib */; };
		F7E004EA18C6E82E00FA63DC /* Sample.jpg in Resources */ = {isa = PBXBuildFile; fileRef = F7E004E918C6E82E00FA63DC /* Sample.jpg */; };
		F7E004EE18C6EEC500FA63DC /* CLTextViewController.xib in Resources */ = {isa = PBXBuildFile; fileRef = F7E004EB18C6EEC500FA63DC /* CLTextViewController.xib */; };
		F7E004EF18C6EEC500FA63DC /* CLTextViewController.m in Sources */ = {isa = PBXBuildFile; fileRef = F7E004EC18C6EEC500FA63DC /* CLTextViewController.m */; };
/* End PBXBuildFile section */

/* Begin PBXContainerItemProxy section */
		F73BF78918C6DB39006FB928 /* PBXContainerItemProxy */ = {
			isa = PBXContainerItemProxy;
			containerPortal = F73BF75B18C6DB39006FB928 /* Project object */;
			proxyType = 1;
			remoteGlobalIDString = F73BF76218C6DB39006FB928;
			remoteInfo = CamLocker;
		};
/* End PBXContainerItemProxy section */

/* Begin PBXFileReference section */
		F73BF76318C6DB39006FB928 /* CamLocker.app */ = {isa = PBXFileReference; explicitFileType = wrapper.application; includeInIndex = 0; path = CamLocker.app; sourceTree = BUILT_PRODUCTS_DIR; };
		F73BF76618C6DB39006FB928 /* Foundation.framework */ = {isa = PBXFileReference; lastKnownFileType = wrapper.framework; name = Foundation.framework; path = System/Library/Frameworks/Foundation.framework; sourceTree = SDKROOT; };
		F73BF76818C6DB39006FB928 /* CoreGraphics.framework */ = {isa = PBXFileReference; lastKnownFileType = wrapper.framework; name = CoreGraphics.framework; path = System/Library/Frameworks/CoreGraphics.framework; sourceTree = SDKROOT; };
		F73BF76A18C6DB39006FB928 /* UIKit.framework */ = {isa = PBXFileReference; lastKnownFileType = wrapper.framework; name = UIKit.framework; path = System/Library/Frameworks/UIKit.framework; sourceTree = SDKROOT; };
		F73BF76E18C6DB39006FB928 /* CamLocker-Info.plist */ = {isa = PBXFileReference; lastKnownFileType = text.plist.xml; path = "CamLocker-Info.plist"; sourceTree = "<group>"; };
		F73BF77018C6DB39006FB928 /* en */ = {isa = PBXFileReference; lastKnownFileType = text.plist.strings; name = en; path = en.lproj/InfoPlist.strings; sourceTree = "<group>"; };
		F73BF77218C6DB39006FB928 /* main.m */ = {isa = PBXFileReference; lastKnownFileType = sourcecode.c.objc; path = main.m; sourceTree = "<group>"; };
		F73BF77418C6DB39006FB928 /* CamLocker-Prefix.pch */ = {isa = PBXFileReference; lastKnownFileType = sourcecode.c.h; path = "CamLocker-Prefix.pch"; sourceTree = "<group>"; };
		F73BF77518C6DB39006FB928 /* CLAppDelegate.h */ = {isa = PBXFileReference; lastKnownFileType = sourcecode.c.h; path = CLAppDelegate.h; sourceTree = "<group>"; };
		F73BF77618C6DB39006FB928 /* CLAppDelegate.m */ = {isa = PBXFileReference; lastKnownFileType = sourcecode.c.objc; path = CLAppDelegate.m; sourceTree = "<group>"; };
		F73BF77918C6DB39006FB928 /* Base */ = {isa = PBXFileReference; lastKnownFileType = file.storyboard; name = Base; path = Base.lproj/Main.storyboard; sourceTree = "<group>"; };
		F73BF77E18C6DB39006FB928 /* Images.xcassets */ = {isa = PBXFileReference; lastKnownFileType = folder.assetcatalog; path = Images.xcassets; sourceTree = "<group>"; };
		F73BF78418C6DB39006FB928 /* CamLockerTests.xctest */ = {isa = PBXFileReference; explicitFileType = wrapper.cfbundle; includeInIndex = 0; path = CamLockerTests.xctest; sourceTree = BUILT_PRODUCTS_DIR; };
		F73BF78518C6DB39006FB928 /* XCTest.framework */ = {isa = PBXFileReference; lastKnownFileType = wrapper.framework; name = XCTest.framework; path = Library/Frameworks/XCTest.framework; sourceTree = DEVELOPER_DIR; };
		F73BF78D18C6DB39006FB928 /* CamLockerTests-Info.plist */ = {isa = PBXFileReference; lastKnownFileType = text.plist.xml; path = "CamLockerTests-Info.plist"; sourceTree = "<group>"; };
		F73BF78F18C6DB39006FB928 /* en */ = {isa = PBXFileReference; lastKnownFileType = text.plist.strings; name = en; path = en.lproj/InfoPlist.strings; sourceTree = "<group>"; };
		F73BF79118C6DB39006FB928 /* CamLockerTests.m */ = {isa = PBXFileReference; lastKnownFileType = sourcecode.c.objc; path = CamLockerTests.m; sourceTree = "<group>"; };
		F73BF79E18C6DCC0006FB928 /* QuartzCore.framework */ = {isa = PBXFileReference; lastKnownFileType = wrapper.framework; name = QuartzCore.framework; path = System/Library/Frameworks/QuartzCore.framework; sourceTree = SDKROOT; };
		F73BF7A018C6DCC5006FB928 /* MediaPlayer.framework */ = {isa = PBXFileReference; lastKnownFileType = wrapper.framework; name = MediaPlayer.framework; path = System/Library/Frameworks/MediaPlayer.framework; sourceTree = SDKROOT; };
		F73BF7A218C6DCCA006FB928 /* EventKit.framework */ = {isa = PBXFileReference; lastKnownFileType = wrapper.framework; name = EventKit.framework; path = System/Library/Frameworks/EventKit.framework; sourceTree = SDKROOT; };
		F73BF7A418C6DCD1006FB928 /* CoreMedia.framework */ = {isa = PBXFileReference; lastKnownFileType = wrapper.framework; name = CoreMedia.framework; path = System/Library/Frameworks/CoreMedia.framework; sourceTree = SDKROOT; };
		F73BF7A618C6DCD6006FB928 /* CoreLocation.framework */ = {isa = PBXFileReference; lastKnownFileType = wrapper.framework; name = CoreLocation.framework; path = System/Library/Frameworks/CoreLocation.framework; sourceTree = SDKROOT; };
		F73BF7A818C6DCDB006FB928 /* CoreMotion.framework */ = {isa = PBXFileReference; lastKnownFileType = wrapper.framework; name = CoreMotion.framework; path = System/Library/Frameworks/CoreMotion.framework; sourceTree = SDKROOT; };
		F73BF7AA18C6DCE0006FB928 /* CoreVideo.framework */ = {isa = PBXFileReference; lastKnownFileType = wrapper.framework; name = CoreVideo.framework; path = System/Library/Frameworks/CoreVideo.framework; sourceTree = SDKROOT; };
		F73BF7AC18C6DCE4006FB928 /* CFNetwork.framework */ = {isa = PBXFileReference; lastKnownFileType = wrapper.framework; name = CFNetwork.framework; path = System/Library/Frameworks/CFNetwork.framework; sourceTree = SDKROOT; };
		F73BF7AE18C6DCEA006FB928 /* AudioToolbox.framework */ = {isa = PBXFileReference; lastKnownFileType = wrapper.framework; name = AudioToolbox.framework; path = System/Library/Frameworks/AudioToolbox.framework; sourceTree = SDKROOT; };
		F73BF7B018C6DCEE006FB928 /* AVFoundation.framework */ = {isa = PBXFileReference; lastKnownFileType = wrapper.framework; name = AVFoundation.framework; path = System/Library/Frameworks/AVFoundation.framework; sourceTree = SDKROOT; };
		F73BF7B218C6DCF4006FB928 /* Security.framework */ = {isa = PBXFileReference; lastKnownFileType = wrapper.framework; name = Security.framework; path = System/Library/Frameworks/Security.framework; sourceTree = SDKROOT; };
		F73BF7B418C6DCFA006FB928 /* OpenGLES.framework */ = {isa = PBXFileReference; lastKnownFileType = wrapper.framework; name = OpenGLES.framework; path = System/Library/Frameworks/OpenGLES.framework; sourceTree = SDKROOT; };
		F73BF7B618C6DD29006FB928 /* metaioSDK.framework */ = {isa = PBXFileReference; lastKnownFileType = wrapper.framework; path = metaioSDK.framework; sourceTree = "<group>"; };
		F73BF7B818C6DD31006FB928 /* libz.dylib */ = {isa = PBXFileReference; lastKnownFileType = "compiled.mach-o.dylib"; name = libz.dylib; path = usr/lib/libz.dylib; sourceTree = SDKROOT; };
		F73BF7BA18C6DD36006FB928 /* libxml2.dylib */ = {isa = PBXFileReference; lastKnownFileType = "compiled.mach-o.dylib"; name = libxml2.dylib; path = usr/lib/libxml2.dylib; sourceTree = SDKROOT; };
		F73BF7BD18C6DDFF006FB928 /* EAGLView.h */ = {isa = PBXFileReference; fileEncoding = 4; lastKnownFileType = sourcecode.c.h; name = EAGLView.h; path = MetaioSDKFiles/EAGLView.h; sourceTree = "<group>"; };
		F73BF7BE18C6DDFF006FB928 /* EAGLView.mm */ = {isa = PBXFileReference; fileEncoding = 4; lastKnownFileType = sourcecode.cpp.objcpp; name = EAGLView.mm; path = MetaioSDKFiles/EAGLView.mm; sourceTree = "<group>"; };
		F73BF7BF18C6DDFF006FB928 /* MetaioSDKViewController.h */ = {isa = PBXFileReference; fileEncoding = 4; lastKnownFileType = sourcecode.c.h; name = MetaioSDKViewController.h; path = MetaioSDKFiles/MetaioSDKViewController.h; sourceTree = "<group>"; };
		F73BF7C018C6DDFF006FB928 /* MetaioSDKViewController.mm */ = {isa = PBXFileReference; fileEncoding = 4; lastKnownFileType = sourcecode.cpp.objcpp; name = MetaioSDKViewController.mm; path = MetaioSDKFiles/MetaioSDKViewController.mm; sourceTree = "<group>"; };
		F73BF7C318C6E00B006FB928 /* CLScanViewController.mm */ = {isa = PBXFileReference; fileEncoding = 4; lastKnownFileType = sourcecode.cpp.objcpp; path = CLScanViewController.mm; sourceTree = "<group>"; };
		F73BF7C418C6E00B006FB928 /* CLScanViewController.h */ = {isa = PBXFileReference; fileEncoding = 4; lastKnownFileType = sourcecode.c.h; path = CLScanViewController.h; sourceTree = "<group>"; };
		F78ACD0918C8D7E500A4247A /* CLDataHandler.h */ = {isa = PBXFileReference; fileEncoding = 4; lastKnownFileType = sourcecode.c.h; path = CLDataHandler.h; sourceTree = "<group>"; };
		F78ACD0A18C8D7E500A4247A /* CLDataHandler.m */ = {isa = PBXFileReference; fileEncoding = 4; lastKnownFileType = sourcecode.c.objc; path = CLDataHandler.m; sourceTree = "<group>"; };
		F792915118D6B6EE009FCA79 /* CLTrackingXMLGenerator.h */ = {isa = PBXFileReference; fileEncoding = 4; lastKnownFileType = sourcecode.c.h; path = CLTrackingXMLGenerator.h; sourceTree = "<group>"; };
		F792915218D6B6EE009FCA79 /* CLTrackingXMLGenerator.m */ = {isa = PBXFileReference; fileEncoding = 4; lastKnownFileType = sourcecode.c.objc; path = CLTrackingXMLGenerator.m; sourceTree = "<group>"; };
		F7C9344418D8035C004B154F /* CLMarker.h */ = {isa = PBXFileReference; fileEncoding = 4; lastKnownFileType = sourcecode.c.h; path = CLMarker.h; sourceTree = "<group>"; };
		F7C9344518D8035C004B154F /* CLMarker.m */ = {isa = PBXFileReference; fileEncoding = 4; lastKnownFileType = sourcecode.c.objc; path = CLMarker.m; sourceTree = "<group>"; };
		F7C9344C18D8067C004B154F /* CLTextMarker.h */ = {isa = PBXFileReference; fileEncoding = 4; lastKnownFileType = sourcecode.c.h; path = CLTextMarker.h; sourceTree = "<group>"; };
		F7C9344D18D8067C004B154F /* CLTextMarker.m */ = {isa = PBXFileReference; fileEncoding = 4; lastKnownFileType = sourcecode.c.objc; path = CLTextMarker.m; sourceTree = "<group>"; };
		F7C9344F18D80DB9004B154F /* CLImageMarker.h */ = {isa = PBXFileReference; fileEncoding = 4; lastKnownFileType = sourcecode.c.h; path = CLImageMarker.h; sourceTree = "<group>"; };
		F7C9345018D80DB9004B154F /* CLImageMarker.m */ = {isa = PBXFileReference; fileEncoding = 4; lastKnownFileType = sourcecode.c.objc; path = CLImageMarker.m; sourceTree = "<group>"; };
		F7C9345218D81755004B154F /* CLMarkerManager.h */ = {isa = PBXFileReference; fileEncoding = 4; lastKnownFileType = sourcecode.c.h; path = CLMarkerManager.h; sourceTree = "<group>"; };
		F7C9345318D81755004B154F /* CLMarkerManager.m */ = {isa = PBXFileReference; fileEncoding = 4; lastKnownFileType = sourcecode.c.objc; path = CLMarkerManager.m; sourceTree = "<group>"; };
		F7C9345718D820DB004B154F /* CLHomeViewController.h */ = {isa = PBXFileReference; fileEncoding = 4; lastKnownFileType = sourcecode.c.h; path = CLHomeViewController.h; sourceTree = "<group>"; };
		F7C9345818D820DB004B154F /* CLHomeViewController.m */ = {isa = PBXFileReference; fileEncoding = 4; lastKnownFileType = sourcecode.c.objc; path = CLHomeViewController.m; sourceTree = "<group>"; };
		F7E004DD18C6E36700FA63DC /* Markers */ = {isa = PBXFileReference; lastKnownFileType = folder; path = Markers; sourceTree = "<group>"; };
		F7E004DF18C6E54C00FA63DC /* CLImageViewController.h */ = {isa = PBXFileReference; fileEncoding = 4; lastKnownFileType = sourcecode.c.h; path = CLImageViewController.h; sourceTree = "<group>"; };
		F7E004E018C6E54C00FA63DC /* CLImageViewController.m */ = {isa = PBXFileReference; fileEncoding = 4; lastKnownFileType = sourcecode.c.objc; path = CLImageViewController.m; sourceTree = "<group>"; };
		F7E004E418C6E66000FA63DC /* UIViewController+CWPopup.h */ = {isa = PBXFileReference; fileEncoding = 4; lastKnownFileType = sourcecode.c.h; path = "UIViewController+CWPopup.h"; sourceTree = "<group>"; };
		F7E004E518C6E66000FA63DC /* UIViewController+CWPopup.m */ = {isa = PBXFileReference; fileEncoding = 4; lastKnownFileType = sourcecode.c.objc; path = "UIViewController+CWPopup.m"; sourceTree = "<group>"; };
		F7E004E718C6E6CB00FA63DC /* CLImageViewController.xib */ = {isa = PBXFileReference; fileEncoding = 4; lastKnownFileType = file.xib; path = CLImageViewController.xib; sourceTree = "<group>"; };
		F7E004E918C6E82E00FA63DC /* Sample.jpg */ = {isa = PBXFileReference; lastKnownFileType = image.jpeg; path = Sample.jpg; sourceTree = "<group>"; };
		F7E004EB18C6EEC500FA63DC /* CLTextViewController.xib */ = {isa = PBXFileReference; fileEncoding = 4; lastKnownFileType = file.xib; path = CLTextViewController.xib; sourceTree = "<group>"; };
		F7E004EC18C6EEC500FA63DC /* CLTextViewController.m */ = {isa = PBXFileReference; fileEncoding = 4; lastKnownFileType = sourcecode.c.objc; path = CLTextViewController.m; sourceTree = "<group>"; };
		F7E004ED18C6EEC500FA63DC /* CLTextViewController.h */ = {isa = PBXFileReference; fileEncoding = 4; lastKnownFileType = sourcecode.c.h; path = CLTextViewController.h; sourceTree = "<group>"; };
/* End PBXFileReference section */

/* Begin PBXFrameworksBuildPhase section */
		F73BF76018C6DB39006FB928 /* Frameworks */ = {
			isa = PBXFrameworksBuildPhase;
			buildActionMask = 2147483647;
			files = (
				F73BF7BB18C6DD36006FB928 /* libxml2.dylib in Frameworks */,
				F73BF7B918C6DD31006FB928 /* libz.dylib in Frameworks */,
				F73BF7B718C6DD29006FB928 /* metaioSDK.framework in Frameworks */,
				F73BF76918C6DB39006FB928 /* CoreGraphics.framework in Frameworks */,
				F73BF7B518C6DCFA006FB928 /* OpenGLES.framework in Frameworks */,
				F73BF7B318C6DCF4006FB928 /* Security.framework in Frameworks */,
				F73BF7B118C6DCEE006FB928 /* AVFoundation.framework in Frameworks */,
				F73BF7AF18C6DCEA006FB928 /* AudioToolbox.framework in Frameworks */,
				F73BF7AD18C6DCE4006FB928 /* CFNetwork.framework in Frameworks */,
				F73BF7AB18C6DCE0006FB928 /* CoreVideo.framework in Frameworks */,
				F73BF7A918C6DCDB006FB928 /* CoreMotion.framework in Frameworks */,
				F73BF7A718C6DCD6006FB928 /* CoreLocation.framework in Frameworks */,
				F73BF7A518C6DCD1006FB928 /* CoreMedia.framework in Frameworks */,
				F73BF7A318C6DCCA006FB928 /* EventKit.framework in Frameworks */,
				F73BF7A118C6DCC5006FB928 /* MediaPlayer.framework in Frameworks */,
				F73BF79F18C6DCC0006FB928 /* QuartzCore.framework in Frameworks */,
				F73BF76B18C6DB39006FB928 /* UIKit.framework in Frameworks */,
				F73BF76718C6DB39006FB928 /* Foundation.framework in Frameworks */,
			);
			runOnlyForDeploymentPostprocessing = 0;
		};
		F73BF78118C6DB39006FB928 /* Frameworks */ = {
			isa = PBXFrameworksBuildPhase;
			buildActionMask = 2147483647;
			files = (
				F73BF78618C6DB39006FB928 /* XCTest.framework in Frameworks */,
				F73BF78818C6DB39006FB928 /* UIKit.framework in Frameworks */,
				F73BF78718C6DB39006FB928 /* Foundation.framework in Frameworks */,
			);
			runOnlyForDeploymentPostprocessing = 0;
		};
/* End PBXFrameworksBuildPhase section */

/* Begin PBXGroup section */
		F73BF75A18C6DB39006FB928 = {
			isa = PBXGroup;
			children = (
				F73BF77818C6DB39006FB928 /* Main.storyboard */,
				F73BF76C18C6DB39006FB928 /* CamLocker */,
				F73BF78B18C6DB39006FB928 /* CamLockerTests */,
				F73BF76518C6DB39006FB928 /* Frameworks */,
				F73BF76418C6DB39006FB928 /* Products */,
			);
			sourceTree = "<group>";
		};
		F73BF76418C6DB39006FB928 /* Products */ = {
			isa = PBXGroup;
			children = (
				F73BF76318C6DB39006FB928 /* CamLocker.app */,
				F73BF78418C6DB39006FB928 /* CamLockerTests.xctest */,
			);
			name = Products;
			sourceTree = "<group>";
		};
		F73BF76518C6DB39006FB928 /* Frameworks */ = {
			isa = PBXGroup;
			children = (
				F73BF7BA18C6DD36006FB928 /* libxml2.dylib */,
				F73BF7B818C6DD31006FB928 /* libz.dylib */,
				F73BF7B618C6DD29006FB928 /* metaioSDK.framework */,
				F73BF7B418C6DCFA006FB928 /* OpenGLES.framework */,
				F73BF7B218C6DCF4006FB928 /* Security.framework */,
				F73BF7B018C6DCEE006FB928 /* AVFoundation.framework */,
				F73BF7AE18C6DCEA006FB928 /* AudioToolbox.framework */,
				F73BF7AC18C6DCE4006FB928 /* CFNetwork.framework */,
				F73BF7AA18C6DCE0006FB928 /* CoreVideo.framework */,
				F73BF7A818C6DCDB006FB928 /* CoreMotion.framework */,
				F73BF7A618C6DCD6006FB928 /* CoreLocation.framework */,
				F73BF7A418C6DCD1006FB928 /* CoreMedia.framework */,
				F73BF7A218C6DCCA006FB928 /* EventKit.framework */,
				F73BF7A018C6DCC5006FB928 /* MediaPlayer.framework */,
				F73BF79E18C6DCC0006FB928 /* QuartzCore.framework */,
				F73BF76618C6DB39006FB928 /* Foundation.framework */,
				F73BF76818C6DB39006FB928 /* CoreGraphics.framework */,
				F73BF76A18C6DB39006FB928 /* UIKit.framework */,
				F73BF78518C6DB39006FB928 /* XCTest.framework */,
			);
			name = Frameworks;
			sourceTree = "<group>";
		};
		F73BF76C18C6DB39006FB928 /* CamLocker */ = {
			isa = PBXGroup;
			children = (
				F73BF77518C6DB39006FB928 /* CLAppDelegate.h */,
				F73BF77618C6DB39006FB928 /* CLAppDelegate.m */,
				F73BF79B18C6DB41006FB928 /* Model */,
				F792915018D6B6B6009FCA79 /* Utilities */,
				F7E004E218C6E66000FA63DC /* Libraries */,
				F73BF79D18C6DB52006FB928 /* Controller */,
				F73BF79C18C6DB46006FB928 /* View */,
				F73BF77E18C6DB39006FB928 /* Images.xcassets */,
				F73BF76D18C6DB39006FB928 /* Supporting Files */,
			);
			path = CamLocker;
			sourceTree = "<group>";
		};
		F73BF76D18C6DB39006FB928 /* Supporting Files */ = {
			isa = PBXGroup;
			children = (
				F7E004E918C6E82E00FA63DC /* Sample.jpg */,
				F7E004DD18C6E36700FA63DC /* Markers */,
				F73BF76E18C6DB39006FB928 /* CamLocker-Info.plist */,
				F73BF76F18C6DB39006FB928 /* InfoPlist.strings */,
				F73BF77218C6DB39006FB928 /* main.m */,
				F73BF77418C6DB39006FB928 /* CamLocker-Prefix.pch */,
			);
			name = "Supporting Files";
			sourceTree = "<group>";
		};
		F73BF78B18C6DB39006FB928 /* CamLockerTests */ = {
			isa = PBXGroup;
			children = (
				F73BF79118C6DB39006FB928 /* CamLockerTests.m */,
				F73BF78C18C6DB39006FB928 /* Supporting Files */,
			);
			path = CamLockerTests;
			sourceTree = "<group>";
		};
		F73BF78C18C6DB39006FB928 /* Supporting Files */ = {
			isa = PBXGroup;
			children = (
				F73BF78D18C6DB39006FB928 /* CamLockerTests-Info.plist */,
				F73BF78E18C6DB39006FB928 /* InfoPlist.strings */,
			);
			name = "Supporting Files";
			sourceTree = "<group>";
		};
		F73BF79B18C6DB41006FB928 /* Model */ = {
			isa = PBXGroup;
			children = (
				F7C9344418D8035C004B154F /* CLMarker.h */,
				F7C9344518D8035C004B154F /* CLMarker.m */,
				F7C9344C18D8067C004B154F /* CLTextMarker.h */,
				F7C9344D18D8067C004B154F /* CLTextMarker.m */,
				F7C9344F18D80DB9004B154F /* CLImageMarker.h */,
				F7C9345018D80DB9004B154F /* CLImageMarker.m */,
			);
			name = Model;
			sourceTree = "<group>";
		};
		F73BF79C18C6DB46006FB928 /* View */ = {
			isa = PBXGroup;
			children = (
			);
			name = View;
			sourceTree = "<group>";
		};
		F73BF79D18C6DB52006FB928 /* Controller */ = {
			isa = PBXGroup;
			children = (
				F7C9345718D820DB004B154F /* CLHomeViewController.h */,
				F7C9345818D820DB004B154F /* CLHomeViewController.m */,
				F7E004EB18C6EEC500FA63DC /* CLTextViewController.xib */,
				F7E004EC18C6EEC500FA63DC /* CLTextViewController.m */,
				F7E004ED18C6EEC500FA63DC /* CLTextViewController.h */,
				F73BF7C318C6E00B006FB928 /* CLScanViewController.mm */,
				F73BF7C418C6E00B006FB928 /* CLScanViewController.h */,
				F7E004E718C6E6CB00FA63DC /* CLImageViewController.xib */,
				F7E004DF18C6E54C00FA63DC /* CLImageViewController.h */,
				F7E004E018C6E54C00FA63DC /* CLImageViewController.m */,
			);
			name = Controller;
			sourceTree = "<group>";
		};
		F73BF7BC18C6DDD1006FB928 /* MetaioSDK */ = {
			isa = PBXGroup;
			children = (
				F73BF7BD18C6DDFF006FB928 /* EAGLView.h */,
				F73BF7BE18C6DDFF006FB928 /* EAGLView.mm */,
				F73BF7BF18C6DDFF006FB928 /* MetaioSDKViewController.h */,
				F73BF7C018C6DDFF006FB928 /* MetaioSDKViewController.mm */,
			);
			name = MetaioSDK;
			path = ..;
			sourceTree = "<group>";
		};
		F792915018D6B6B6009FCA79 /* Utilities */ = {
			isa = PBXGroup;
			children = (
				F792915118D6B6EE009FCA79 /* CLTrackingXMLGenerator.h */,
				F792915218D6B6EE009FCA79 /* CLTrackingXMLGenerator.m */,
				F78ACD0918C8D7E500A4247A /* CLDataHandler.h */,
				F78ACD0A18C8D7E500A4247A /* CLDataHandler.m */,
				F7C9345218D81755004B154F /* CLMarkerManager.h */,
				F7C9345318D81755004B154F /* CLMarkerManager.m */,
			);
			name = Utilities;
			sourceTree = "<group>";
		};
		F7E004E218C6E66000FA63DC /* Libraries */ = {
			isa = PBXGroup;
			children = (
				F73BF7BC18C6DDD1006FB928 /* MetaioSDK */,
				F7E004E318C6E66000FA63DC /* CWPopup */,
			);
			path = Libraries;
			sourceTree = "<group>";
		};
		F7E004E318C6E66000FA63DC /* CWPopup */ = {
			isa = PBXGroup;
			children = (
				F7E004E418C6E66000FA63DC /* UIViewController+CWPopup.h */,
				F7E004E518C6E66000FA63DC /* UIViewController+CWPopup.m */,
			);
			path = CWPopup;
			sourceTree = "<group>";
		};
/* End PBXGroup section */

/* Begin PBXNativeTarget section */
		F73BF76218C6DB39006FB928 /* CamLocker */ = {
			isa = PBXNativeTarget;
			buildConfigurationList = F73BF79518C6DB39006FB928 /* Build configuration list for PBXNativeTarget "CamLocker" */;
			buildPhases = (
				F73BF75F18C6DB39006FB928 /* Sources */,
				F73BF76018C6DB39006FB928 /* Frameworks */,
				F73BF76118C6DB39006FB928 /* Resources */,
			);
			buildRules = (
			);
			dependencies = (
			);
			name = CamLocker;
			productName = CamLocker;
			productReference = F73BF76318C6DB39006FB928 /* CamLocker.app */;
			productType = "com.apple.product-type.application";
		};
		F73BF78318C6DB39006FB928 /* CamLockerTests */ = {
			isa = PBXNativeTarget;
			buildConfigurationList = F73BF79818C6DB39006FB928 /* Build configuration list for PBXNativeTarget "CamLockerTests" */;
			buildPhases = (
				F73BF78018C6DB39006FB928 /* Sources */,
				F73BF78118C6DB39006FB928 /* Frameworks */,
				F73BF78218C6DB39006FB928 /* Resources */,
			);
			buildRules = (
			);
			dependencies = (
				F73BF78A18C6DB39006FB928 /* PBXTargetDependency */,
			);
			name = CamLockerTests;
			productName = CamLockerTests;
			productReference = F73BF78418C6DB39006FB928 /* CamLockerTests.xctest */;
			productType = "com.apple.product-type.bundle.unit-test";
		};
/* End PBXNativeTarget section */

/* Begin PBXProject section */
		F73BF75B18C6DB39006FB928 /* Project object */ = {
			isa = PBXProject;
			attributes = {
				CLASSPREFIX = CL;
				LastUpgradeCheck = 0510;
				ORGANIZATIONNAME = OSU;
				TargetAttributes = {
					F73BF78318C6DB39006FB928 = {
						TestTargetID = F73BF76218C6DB39006FB928;
					};
				};
			};
			buildConfigurationList = F73BF75E18C6DB39006FB928 /* Build configuration list for PBXProject "CamLocker" */;
			compatibilityVersion = "Xcode 3.2";
			developmentRegion = English;
			hasScannedForEncodings = 0;
			knownRegions = (
				en,
				Base,
			);
			mainGroup = F73BF75A18C6DB39006FB928;
			productRefGroup = F73BF76418C6DB39006FB928 /* Products */;
			projectDirPath = "";
			projectRoot = "";
			targets = (
				F73BF76218C6DB39006FB928 /* CamLocker */,
				F73BF78318C6DB39006FB928 /* CamLockerTests */,
			);
		};
/* End PBXProject section */

/* Begin PBXResourcesBuildPhase section */
		F73BF76118C6DB39006FB928 /* Resources */ = {
			isa = PBXResourcesBuildPhase;
			buildActionMask = 2147483647;
			files = (
				F7E004E818C6E6CB00FA63DC /* CLImageViewController.xib in Resources */,
				F7E004DE18C6E36700FA63DC /* Markers in Resources */,
				F73BF77F18C6DB39006FB928 /* Images.xcassets in Resources */,
				F7E004EA18C6E82E00FA63DC /* Sample.jpg in Resources */,
				F73BF77118C6DB39006FB928 /* InfoPlist.strings in Resources */,
				F7E004EE18C6EEC500FA63DC /* CLTextViewController.xib in Resources */,
				F73BF77A18C6DB39006FB928 /* Main.storyboard in Resources */,
			);
			runOnlyForDeploymentPostprocessing = 0;
		};
		F73BF78218C6DB39006FB928 /* Resources */ = {
			isa = PBXResourcesBuildPhase;
			buildActionMask = 2147483647;
			files = (
				F73BF79018C6DB39006FB928 /* InfoPlist.strings in Resources */,
			);
			runOnlyForDeploymentPostprocessing = 0;
		};
/* End PBXResourcesBuildPhase section */

/* Begin PBXSourcesBuildPhase section */
		F73BF75F18C6DB39006FB928 /* Sources */ = {
			isa = PBXSourcesBuildPhase;
			buildActionMask = 2147483647;
			files = (
				F73BF7C518C6E00B006FB928 /* CLScanViewController.mm in Sources */,
				F792915318D6B6EE009FCA79 /* CLTrackingXMLGenerator.m in Sources */,
				F7C9345418D81755004B154F /* CLMarkerManager.m in Sources */,
				F7E004E118C6E54C00FA63DC /* CLImageViewController.m in Sources */,
				F7C9344E18D8067C004B154F /* CLTextMarker.m in Sources */,
				F73BF77318C6DB39006FB928 /* main.m in Sources */,
				F7C9345918D820DB004B154F /* CLHomeViewController.m in Sources */,
				F7E004E618C6E66000FA63DC /* UIViewController+CWPopup.m in Sources */,
				F7E004EF18C6EEC500FA63DC /* CLTextViewController.m in Sources */,
				F7C9345118D80DB9004B154F /* CLImageMarker.m in Sources */,
				F73BF7C218C6DDFF006FB928 /* MetaioSDKViewController.mm in Sources */,
				F7C9344618D8035C004B154F /* CLMarker.m in Sources */,
				F73BF77718C6DB39006FB928 /* CLAppDelegate.m in Sources */,
				F78ACD0B18C8D7E500A4247A /* CLDataHandler.m in Sources */,
				F73BF7C118C6DDFF006FB928 /* EAGLView.mm in Sources */,
			);
			runOnlyForDeploymentPostprocessing = 0;
		};
		F73BF78018C6DB39006FB928 /* Sources */ = {
			isa = PBXSourcesBuildPhase;
			buildActionMask = 2147483647;
			files = (
				F73BF79218C6DB39006FB928 /* CamLockerTests.m in Sources */,
			);
			runOnlyForDeploymentPostprocessing = 0;
		};
/* End PBXSourcesBuildPhase section */

/* Begin PBXTargetDependency section */
		F73BF78A18C6DB39006FB928 /* PBXTargetDependency */ = {
			isa = PBXTargetDependency;
			target = F73BF76218C6DB39006FB928 /* CamLocker */;
			targetProxy = F73BF78918C6DB39006FB928 /* PBXContainerItemProxy */;
		};
/* End PBXTargetDependency section */

/* Begin PBXVariantGroup section */
		F73BF76F18C6DB39006FB928 /* InfoPlist.strings */ = {
			isa = PBXVariantGroup;
			children = (
				F73BF77018C6DB39006FB928 /* en */,
			);
			name = InfoPlist.strings;
			sourceTree = "<group>";
		};
		F73BF77818C6DB39006FB928 /* Main.storyboard */ = {
			isa = PBXVariantGroup;
			children = (
				F73BF77918C6DB39006FB928 /* Base */,
			);
			name = Main.storyboard;
			path = CamLocker;
			sourceTree = "<group>";
		};
		F73BF78E18C6DB39006FB928 /* InfoPlist.strings */ = {
			isa = PBXVariantGroup;
			children = (
				F73BF78F18C6DB39006FB928 /* en */,
			);
			name = InfoPlist.strings;
			sourceTree = "<group>";
		};
/* End PBXVariantGroup section */

/* Begin XCBuildConfiguration section */
		F73BF79318C6DB39006FB928 /* Debug */ = {
			isa = XCBuildConfiguration;
			buildSettings = {
				ALWAYS_SEARCH_USER_PATHS = NO;
				ARCHS = "$(ARCHS_STANDARD_32_BIT)";
				CLANG_CXX_LANGUAGE_STANDARD = "gnu++0x";
				CLANG_CXX_LIBRARY = "libc++";
				CLANG_ENABLE_MODULES = YES;
				CLANG_ENABLE_OBJC_ARC = YES;
				CLANG_WARN_BOOL_CONVERSION = YES;
				CLANG_WARN_CONSTANT_CONVERSION = YES;
				CLANG_WARN_DIRECT_OBJC_ISA_USAGE = YES_ERROR;
				CLANG_WARN_EMPTY_BODY = YES;
				CLANG_WARN_ENUM_CONVERSION = YES;
				CLANG_WARN_INT_CONVERSION = YES;
				CLANG_WARN_OBJC_ROOT_CLASS = YES_ERROR;
				CLANG_WARN__DUPLICATE_METHOD_MATCH = YES;
				"CODE_SIGN_IDENTITY[sdk=iphoneos*]" = "iPhone Developer";
				COPY_PHASE_STRIP = NO;
				GCC_C_LANGUAGE_STANDARD = gnu99;
				GCC_DYNAMIC_NO_PIC = NO;
				GCC_OPTIMIZATION_LEVEL = 0;
				GCC_PREPROCESSOR_DEFINITIONS = (
					"DEBUG=1",
					"$(inherited)",
				);
				GCC_SYMBOLS_PRIVATE_EXTERN = NO;
				GCC_WARN_64_TO_32_BIT_CONVERSION = YES;
				GCC_WARN_ABOUT_RETURN_TYPE = YES_ERROR;
				GCC_WARN_UNDECLARED_SELECTOR = YES;
				GCC_WARN_UNINITIALIZED_AUTOS = YES;
				GCC_WARN_UNUSED_FUNCTION = YES;
				GCC_WARN_UNUSED_VARIABLE = YES;
				IPHONEOS_DEPLOYMENT_TARGET = 7.0;
				ONLY_ACTIVE_ARCH = YES;
				SDKROOT = iphoneos;
			};
			name = Debug;
		};
		F73BF79418C6DB39006FB928 /* Release */ = {
			isa = XCBuildConfiguration;
			buildSettings = {
				ALWAYS_SEARCH_USER_PATHS = NO;
				ARCHS = "$(ARCHS_STANDARD_32_BIT)";
				CLANG_CXX_LANGUAGE_STANDARD = "gnu++0x";
				CLANG_CXX_LIBRARY = "libc++";
				CLANG_ENABLE_MODULES = YES;
				CLANG_ENABLE_OBJC_ARC = YES;
				CLANG_WARN_BOOL_CONVERSION = YES;
				CLANG_WARN_CONSTANT_CONVERSION = YES;
				CLANG_WARN_DIRECT_OBJC_ISA_USAGE = YES_ERROR;
				CLANG_WARN_EMPTY_BODY = YES;
				CLANG_WARN_ENUM_CONVERSION = YES;
				CLANG_WARN_INT_CONVERSION = YES;
				CLANG_WARN_OBJC_ROOT_CLASS = YES_ERROR;
				CLANG_WARN__DUPLICATE_METHOD_MATCH = YES;
				"CODE_SIGN_IDENTITY[sdk=iphoneos*]" = "iPhone Developer";
				COPY_PHASE_STRIP = YES;
				ENABLE_NS_ASSERTIONS = NO;
				GCC_C_LANGUAGE_STANDARD = gnu99;
				GCC_WARN_64_TO_32_BIT_CONVERSION = YES;
				GCC_WARN_ABOUT_RETURN_TYPE = YES_ERROR;
				GCC_WARN_UNDECLARED_SELECTOR = YES;
				GCC_WARN_UNINITIALIZED_AUTOS = YES;
				GCC_WARN_UNUSED_FUNCTION = YES;
				GCC_WARN_UNUSED_VARIABLE = YES;
				IPHONEOS_DEPLOYMENT_TARGET = 7.0;
				OTHER_CFLAGS = "-DNS_BLOCK_ASSERTIONS=1";
				SDKROOT = iphoneos;
				VALIDATE_PRODUCT = YES;
			};
			name = Release;
		};
		F73BF79618C6DB39006FB928 /* Debug */ = {
			isa = XCBuildConfiguration;
			buildSettings = {
				ASSETCATALOG_COMPILER_APPICON_NAME = AppIcon;
				ASSETCATALOG_COMPILER_LAUNCHIMAGE_NAME = LaunchImage;
				CLANG_CXX_LANGUAGE_STANDARD = "c++98";
				CLANG_CXX_LIBRARY = "libstdc++";
				FRAMEWORK_SEARCH_PATHS = (
					"$(inherited)",
					"$(SRCROOT)",
				);
				GCC_PRECOMPILE_PREFIX_HEADER = YES;
				GCC_PREFIX_HEADER = "CamLocker/CamLocker-Prefix.pch";
				INFOPLIST_FILE = "CamLocker/CamLocker-Info.plist";
				IPHONEOS_DEPLOYMENT_TARGET = 6.0;
				PRODUCT_NAME = "$(TARGET_NAME)";
				WRAPPER_EXTENSION = app;
			};
			name = Debug;
		};
		F73BF79718C6DB39006FB928 /* Release */ = {
			isa = XCBuildConfiguration;
			buildSettings = {
				ASSETCATALOG_COMPILER_APPICON_NAME = AppIcon;
				ASSETCATALOG_COMPILER_LAUNCHIMAGE_NAME = LaunchImage;
				CLANG_CXX_LANGUAGE_STANDARD = "c++98";
				CLANG_CXX_LIBRARY = "libstdc++";
				FRAMEWORK_SEARCH_PATHS = (
					"$(inherited)",
					"$(SRCROOT)",
				);
				GCC_PRECOMPILE_PREFIX_HEADER = YES;
				GCC_PREFIX_HEADER = "CamLocker/CamLocker-Prefix.pch";
				INFOPLIST_FILE = "CamLocker/CamLocker-Info.plist";
				IPHONEOS_DEPLOYMENT_TARGET = 6.0;
				OTHER_CFLAGS = "";
				PRODUCT_NAME = "$(TARGET_NAME)";
				WRAPPER_EXTENSION = app;
			};
			name = Release;
		};
		F73BF79918C6DB39006FB928 /* Debug */ = {
			isa = XCBuildConfiguration;
			buildSettings = {
				BUNDLE_LOADER = "$(BUILT_PRODUCTS_DIR)/CamLocker.app/CamLocker";
				FRAMEWORK_SEARCH_PATHS = (
					"$(SDKROOT)/Developer/Library/Frameworks",
					"$(inherited)",
					"$(DEVELOPER_FRAMEWORKS_DIR)",
				);
				GCC_PRECOMPILE_PREFIX_HEADER = YES;
				GCC_PREFIX_HEADER = "CamLocker/CamLocker-Prefix.pch";
				GCC_PREPROCESSOR_DEFINITIONS = (
					"DEBUG=1",
					"$(inherited)",
				);
				INFOPLIST_FILE = "CamLockerTests/CamLockerTests-Info.plist";
				PRODUCT_NAME = "$(TARGET_NAME)";
				TEST_HOST = "$(BUNDLE_LOADER)";
				WRAPPER_EXTENSION = xctest;
			};
			name = Debug;
		};
		F73BF79A18C6DB39006FB928 /* Release */ = {
			isa = XCBuildConfiguration;
			buildSettings = {
				BUNDLE_LOADER = "$(BUILT_PRODUCTS_DIR)/CamLocker.app/CamLocker";
				FRAMEWORK_SEARCH_PATHS = (
					"$(SDKROOT)/Developer/Library/Frameworks",
					"$(inherited)",
					"$(DEVELOPER_FRAMEWORKS_DIR)",
				);
				GCC_PRECOMPILE_PREFIX_HEADER = YES;
				GCC_PREFIX_HEADER = "CamLocker/CamLocker-Prefix.pch";
				INFOPLIST_FILE = "CamLockerTests/CamLockerTests-Info.plist";
				PRODUCT_NAME = "$(TARGET_NAME)";
				TEST_HOST = "$(BUNDLE_LOADER)";
				WRAPPER_EXTENSION = xctest;
			};
			name = Release;
		};
/* End XCBuildConfiguration section */

/* Begin XCConfigurationList section */
		F73BF75E18C6DB39006FB928 /* Build configuration list for PBXProject "CamLocker" */ = {
			isa = XCConfigurationList;
			buildConfigurations = (
				F73BF79318C6DB39006FB928 /* Debug */,
				F73BF79418C6DB39006FB928 /* Release */,
			);
			defaultConfigurationIsVisible = 0;
			defaultConfigurationName = Release;
		};
		F73BF79518C6DB39006FB928 /* Build configuration list for PBXNativeTarget "CamLocker" */ = {
			isa = XCConfigurationList;
			buildConfigurations = (
				F73BF79618C6DB39006FB928 /* Debug */,
				F73BF79718C6DB39006FB928 /* Release */,
			);
			defaultConfigurationIsVisible = 0;
			defaultConfigurationName = Release;
		};
		F73BF79818C6DB39006FB928 /* Build configuration list for PBXNativeTarget "CamLockerTests" */ = {
			isa = XCConfigurationList;
			buildConfigurations = (
				F73BF79918C6DB39006FB928 /* Debug */,
				F73BF79A18C6DB39006FB928 /* Release */,
			);
			defaultConfigurationIsVisible = 0;
			defaultConfigurationName = Release;
		};
/* End XCConfigurationList section */
	};
	rootObject = F73BF75B18C6DB39006FB928 /* Project object */;
}
